
Microsoft Visual Studio Solution File, Format Version 11.00
# Visual Studio 2010
Project("{FAE04EC0-301F-11D3-BF4B-00C04F79EFBC}") = "GameLobby", "GameLobby.csproj", "{218ee95c-2cc1-40ac-6f2d-76a5f6953467}"
EndProject
Project("{FAE04EC0-301F-11D3-BF4B-00C04F79EFBC}") = "Assembly-CSharp-Editor", "Assembly-CSharp-Editor.csproj", "{9fd06ac5-1f87-7f84-8970-886b595bdf3d}"
EndProject
Project("{FAE04EC0-301F-11D3-BF4B-00C04F79EFBC}") = "ParrelSync", "ParrelSync.csproj", "{683c2195-e621-a617-6f71-d3c0cb2bec7b}"
EndProject
Project("{FAE04EC0-301F-11D3-BF4B-00C04F79EFBC}") = "Assembly-CSharp", "Assembly-CSharp.csproj", "{8c52381c-1fcc-dd91-0b59-482353fe3c68}"
EndProject
Global
	GlobalSection(SolutionConfigurationPlatforms) = preSolution
		Debug|Any CPU = Debug|Any CPU
	EndGlobalSection
	GlobalSection(ProjectConfigurationPlatforms) = postSolution
		{218ee95c-2cc1-40ac-6f2d-76a5f6953467}.Debug|Any CPU.ActiveCfg = Debug|Any CPU
		{218ee95c-2cc1-40ac-6f2d-76a5f6953467}.Debug|Any CPU.Build.0 = Debug|Any CPU
		{9fd06ac5-1f87-7f84-8970-886b595bdf3d}.Debug|Any CPU.ActiveCfg = Debug|Any CPU
		{9fd06ac5-1f87-7f84-8970-886b595bdf3d}.Debug|Any CPU.Build.0 = Debug|Any CPU
		{683c2195-e621-a617-6f71-d3c0cb2bec7b}.Debug|Any CPU.ActiveCfg = Debug|Any CPU
		{683c2195-e621-a617-6f71-d3c0cb2bec7b}.Debug|Any CPU.Build.0 = Debug|Any CPU
		{8c52381c-1fcc-dd91-0b59-482353fe3c68}.Debug|Any CPU.ActiveCfg = Debug|Any CPU
		{8c52381c-1fcc-dd91-0b59-482353fe3c68}.Debug|Any CPU.Build.0 = Debug|Any CPU
	EndGlobalSection
	GlobalSection(SolutionProperties) = preSolution
		HideSolutionNode = FALSE
	EndGlobalSection
EndGlobal
